
Microsoft Visual Studio Solution File, Format Version 12.00
# Visual Studio Version 16
VisualStudioVersion = 16.0.30204.135
MinimumVisualStudioVersion = 10.0.40219.1
Project("{9A19103F-16F7-4668-BE54-9A1E7A4F7556}") = "DataStructures", "DataStructures\DataStructures.csproj", "{CEF4F3C0-0BFC-46B9-ADFE-461B101FA63B}"
EndProject
Project("{FAE04EC0-301F-11D3-BF4B-00C04F79EFBC}") = "SpecFlowCalculator.Specs", "SpecFlowCalculator.Specs\SpecFlowCalculator.Specs.csproj", "{3130BB46-1B89-49A5-B3AB-A6055D52ACC4}"
EndProject
Global
	GlobalSection(SolutionConfigurationPlatforms) = preSolution
		Debug|Any CPU = Debug|Any CPU
		Release|Any CPU = Release|Any CPU
	EndGlobalSection
	GlobalSection(ProjectConfigurationPlatforms) = postSolution
		{CEF4F3C0-0BFC-46B9-ADFE-461B101FA63B}.Debug|Any CPU.ActiveCfg = Debug|Any CPU
		{CEF4F3C0-0BFC-46B9-ADFE-461B101FA63B}.Debug|Any CPU.Build.0 = Debug|Any CPU
		{CEF4F3C0-0BFC-46B9-ADFE-461B101FA63B}.Release|Any CPU.ActiveCfg = Release|Any CPU
		{CEF4F3C0-0BFC-46B9-ADFE-461B101FA63B}.Release|Any CPU.Build.0 = Release|Any CPU
		{3130BB46-1B89-49A5-B3AB-A6055D52ACC4}.Debug|Any CPU.ActiveCfg = Debug|Any CPU
		{3130BB46-1B89-49A5-B3AB-A6055D52ACC4}.Debug|Any CPU.Build.0 = Debug|Any CPU
		{3130BB46-1B89-49A5-B3AB-A6055D52ACC4}.Release|Any CPU.ActiveCfg = Release|Any CPU
		{3130BB46-1B89-49A5-B3AB-A6055D52ACC4}.Release|Any CPU.Build.0 = Release|Any CPU
	EndGlobalSection
	GlobalSection(SolutionProperties) = preSolution
		HideSolutionNode = FALSE
	EndGlobalSection
	GlobalSection(ExtensibilityGlobals) = postSolution
		SolutionGuid = {9A4BBA04-D64A-4E46-AA55-433E99476F30}
	EndGlobalSection
EndGlobal
